
Microsoft Visual Studio Solution File, Format Version 12.00
Project("{FAE04EC0-301F-11D3-BF4B-00C04F79EFBC}") = "Dispatchery", "Dispatchery\Dispatchery\Dispatchery.csproj", "{74E0E1C4-7D14-4791-9BEB-77DCE16E5556}"
EndProject
Global
	GlobalSection(SolutionConfigurationPlatforms) = preSolution
		Debug|Any CPU = Debug|Any CPU
		Release|Any CPU = Release|Any CPU
	EndGlobalSection
	GlobalSection(ProjectConfigurationPlatforms) = postSolution
		{74E0E1C4-7D14-4791-9BEB-77DCE16E5556}.Debug|Any CPU.ActiveCfg = Debug|Any CPU
		{74E0E1C4-7D14-4791-9BEB-77DCE16E5556}.Debug|Any CPU.Build.0 = Debug|Any CPU
		{74E0E1C4-7D14-4791-9BEB-77DCE16E5556}.Release|Any CPU.ActiveCfg = Release|Any CPU
		{74E0E1C4-7D14-4791-9BEB-77DCE16E5556}.Release|Any CPU.Build.0 = Release|Any CPU
	EndGlobalSection
EndGlobal
